// !$*UTF8*$!
{
	archiveVersion = 1;
	classes = {
	};
	objectVersion = 50;
	objects = {

/* Begin PBXBuildFile section */
		5412CC8F2135DAE900B3365B /* blueParticle.sks in Resources */ = {isa = PBXBuildFile; fileRef = 5412CC8E2135DAE900B3365B /* blueParticle.sks */; };
		5450BA2F21349CAF00475068 /* AppDelegate.swift in Sources */ = {isa = PBXBuildFile; fileRef = 5450BA2E21349CAF00475068 /* AppDelegate.swift */; };
		5450BA3721349CAF00475068 /* GameViewController.swift in Sources */ = {isa = PBXBuildFile; fileRef = 5450BA3621349CAF00475068 /* GameViewController.swift */; };
		5450BA3A21349CAF00475068 /* Main.storyboard in Resources */ = {isa = PBXBuildFile; fileRef = 5450BA3821349CAF00475068 /* Main.storyboard */; };
		5450BA3C21349CB300475068 /* Assets.xcassets in Resources */ = {isa = PBXBuildFile; fileRef = 5450BA3B21349CB300475068 /* Assets.xcassets */; };
		5450BA3F21349CB300475068 /* LaunchScreen.storyboard in Resources */ = {isa = PBXBuildFile; fileRef = 5450BA3D21349CB300475068 /* LaunchScreen.storyboard */; };
		5450BA5C21349CDC00475068 /* AiEasyControls.swift in Sources */ = {isa = PBXBuildFile; fileRef = 5450BA4821349CDC00475068 /* AiEasyControls.swift */; };
		5450BA5D21349CDC00475068 /* AiEasyGame.swift in Sources */ = {isa = PBXBuildFile; fileRef = 5450BA4921349CDC00475068 /* AiEasyGame.swift */; };
		5450BA5E21349CDC00475068 /* AiEasyScene.swift in Sources */ = {isa = PBXBuildFile; fileRef = 5450BA4A21349CDC00475068 /* AiEasyScene.swift */; };
		5450BA5F21349CDC00475068 /* AiHardControls.swift in Sources */ = {isa = PBXBuildFile; fileRef = 5450BA4D21349CDC00475068 /* AiHardControls.swift */; };
		5450BA6021349CDC00475068 /* AiHardGame.swift in Sources */ = {isa = PBXBuildFile; fileRef = 5450BA4E21349CDC00475068 /* AiHardGame.swift */; };
		5450BA6121349CDC00475068 /* AiHardScene.swift in Sources */ = {isa = PBXBuildFile; fileRef = 5450BA4F21349CDC00475068 /* AiHardScene.swift */; };
		5450BA6221349CDC00475068 /* GameControls.swift in Sources */ = {isa = PBXBuildFile; fileRef = 5450BA5221349CDC00475068 /* GameControls.swift */; };
		5450BA6321349CDC00475068 /* GameScene.swift in Sources */ = {isa = PBXBuildFile; fileRef = 5450BA5321349CDC00475068 /* GameScene.swift */; };
		5450BA6421349CDC00475068 /* GameTicTacToe.swift in Sources */ = {isa = PBXBuildFile; fileRef = 5450BA5421349CDC00475068 /* GameTicTacToe.swift */; };
		5450BA6521349CDC00475068 /* DifficultyControls.swift in Sources */ = {isa = PBXBuildFile; fileRef = 5450BA5821349CDC00475068 /* DifficultyControls.swift */; };
		5450BA6621349CDC00475068 /* DifficultyScene.swift in Sources */ = {isa = PBXBuildFile; fileRef = 5450BA5921349CDC00475068 /* DifficultyScene.swift */; };
		5450BA6721349CDC00475068 /* MenuControls.swift in Sources */ = {isa = PBXBuildFile; fileRef = 5450BA5A21349CDC00475068 /* MenuControls.swift */; };
		5450BA6821349CDC00475068 /* MenuScene.swift in Sources */ = {isa = PBXBuildFile; fileRef = 5450BA5B21349CDC00475068 /* MenuScene.swift */; };
		5465BD502138586100BE0988 /* Osound.wav in Resources */ = {isa = PBXBuildFile; fileRef = 5465BD4A2138586100BE0988 /* Osound.wav */; };
		5465BD522138586100BE0988 /* TieXO.wav in Resources */ = {isa = PBXBuildFile; fileRef = 5465BD4C2138586100BE0988 /* TieXO.wav */; };
		5465BD532138586100BE0988 /* LoseXO.wav in Resources */ = {isa = PBXBuildFile; fileRef = 5465BD4D2138586100BE0988 /* LoseXO.wav */; };
		5465BD542138586100BE0988 /* WinXO.wav in Resources */ = {isa = PBXBuildFile; fileRef = 5465BD4E2138586100BE0988 /* WinXO.wav */; };
		5465BD552138586100BE0988 /* Xsound.wav in Resources */ = {isa = PBXBuildFile; fileRef = 5465BD4F2138586100BE0988 /* Xsound.wav */; };
		54E129AC213EF4210059D5C0 /* IntroControls.swift in Sources */ = {isa = PBXBuildFile; fileRef = 54E129AA213EF4210059D5C0 /* IntroControls.swift */; };
		54E129AD213EF4210059D5C0 /* IntroScene.swift in Sources */ = {isa = PBXBuildFile; fileRef = 54E129AB213EF4210059D5C0 /* IntroScene.swift */; };
		54E5697E2135F33F006E6679 /* redParticle.sks in Resources */ = {isa = PBXBuildFile; fileRef = 54E5697D2135F33E006E6679 /* redParticle.sks */; };
		9AB2FC5B214084CC00F519EE /* GoogleService-Info.plist in Resources */ = {isa = PBXBuildFile; fileRef = 9AB2FC5A214084CC00F519EE /* GoogleService-Info.plist */; };
		A295566F70B896B0DEBCF088 /* Pods_XO_Revolution.framework in Frameworks */ = {isa = PBXBuildFile; fileRef = 45885DF7AF3FDDF681032BBC /* Pods_XO_Revolution.framework */; };
		A37A160021486EBF00B3EC32 /* GameKit.framework in Frameworks */ = {isa = PBXBuildFile; fileRef = A37A15FF21486EBF00B3EC32 /* GameKit.framework */; };
		A37A160221486EC300B3EC32 /* StoreKit.framework in Frameworks */ = {isa = PBXBuildFile; fileRef = A37A160121486EC300B3EC32 /* StoreKit.framework */; };
		EA07CAA6216E7BF100677374 /* ColorStoreControls.swift in Sources */ = {isa = PBXBuildFile; fileRef = EA07CAA5216E7BF100677374 /* ColorStoreControls.swift */; };
		EA07CAAC216E8F9B00677374 /* ColorStoreScene.swift in Sources */ = {isa = PBXBuildFile; fileRef = EA07CAAB216E8F9B00677374 /* ColorStoreScene.swift */; };
		EA248A1D216D2DF500545B2B /* purpleParticle.sks in Resources */ = {isa = PBXBuildFile; fileRef = EA248A1B216D2DF500545B2B /* purpleParticle.sks */; };
		EA248A21216D387600545B2B /* orangeParticle.sks in Resources */ = {isa = PBXBuildFile; fileRef = EA248A1F216D387600545B2B /* orangeParticle.sks */; };
		EA60F15B21766BF900CFD358 /* ghostParticle.sks in Resources */ = {isa = PBXBuildFile; fileRef = EA60F15921766BF900CFD358 /* ghostParticle.sks */; };
		EA60F15C21766BF900CFD358 /* Assets.xcassets in Resources */ = {isa = PBXBuildFile; fileRef = EA60F15A21766BF900CFD358 /* Assets.xcassets */; };
		EA60F15E21766DB600CFD358 /* batParticle.sks in Resources */ = {isa = PBXBuildFile; fileRef = EA60F15D21766DB600CFD358 /* batParticle.sks */; };
		EA60F1622176871400CFD358 /* Laugh.wav in Resources */ = {isa = PBXBuildFile; fileRef = EA60F1612176871400CFD358 /* Laugh.wav */; };
		EA60F166217689EC00CFD358 /* HalloweenOrgan.wav in Resources */ = {isa = PBXBuildFile; fileRef = EA60F165217689EB00CFD358 /* HalloweenOrgan.wav */; };
		EA8F5A1A216BD0C300ADC0E8 /* StoreControls.swift in Sources */ = {isa = PBXBuildFile; fileRef = EA8F5A19216BD0C300ADC0E8 /* StoreControls.swift */; };
		EA8F5A1C216BD0F000ADC0E8 /* StoreScene.swift in Sources */ = {isa = PBXBuildFile; fileRef = EA8F5A1B216BD0F000ADC0E8 /* StoreScene.swift */; };
/* End PBXBuildFile section */

/* Begin PBXFileReference section */
		22A2325617BE46A9F42085BC /* Pods-XO-Revolution.release.xcconfig */ = {isa = PBXFileReference; includeInIndex = 1; lastKnownFileType = text.xcconfig; name = "Pods-XO-Revolution.release.xcconfig"; path = "Pods/Target Support Files/Pods-XO-Revolution/Pods-XO-Revolution.release.xcconfig"; sourceTree = "<group>"; };
		45885DF7AF3FDDF681032BBC /* Pods_XO_Revolution.framework */ = {isa = PBXFileReference; explicitFileType = wrapper.framework; includeInIndex = 0; path = Pods_XO_Revolution.framework; sourceTree = BUILT_PRODUCTS_DIR; };
		5412CC8E2135DAE900B3365B /* blueParticle.sks */ = {isa = PBXFileReference; lastKnownFileType = file.sks; path = blueParticle.sks; sourceTree = "<group>"; };
		5450BA2B21349CAF00475068 /* XO-Revolution.app */ = {isa = PBXFileReference; explicitFileType = wrapper.application; includeInIndex = 0; path = "XO-Revolution.app"; sourceTree = BUILT_PRODUCTS_DIR; };
		5450BA2E21349CAF00475068 /* AppDelegate.swift */ = {isa = PBXFileReference; lastKnownFileType = sourcecode.swift; path = AppDelegate.swift; sourceTree = "<group>"; };
		5450BA3621349CAF00475068 /* GameViewController.swift */ = {isa = PBXFileReference; lastKnownFileType = sourcecode.swift; path = GameViewController.swift; sourceTree = "<group>"; };
		5450BA3921349CAF00475068 /* Base */ = {isa = PBXFileReference; lastKnownFileType = file.storyboard; name = Base; path = Base.lproj/Main.storyboard; sourceTree = "<group>"; };
		5450BA3B21349CB300475068 /* Assets.xcassets */ = {isa = PBXFileReference; lastKnownFileType = folder.assetcatalog; path = Assets.xcassets; sourceTree = "<group>"; };
		5450BA3E21349CB300475068 /* Base */ = {isa = PBXFileReference; lastKnownFileType = file.storyboard; name = Base; path = Base.lproj/LaunchScreen.storyboard; sourceTree = "<group>"; };
		5450BA4021349CB300475068 /* Info.plist */ = {isa = PBXFileReference; lastKnownFileType = text.plist.xml; path = Info.plist; sourceTree = "<group>"; };
		5450BA4821349CDC00475068 /* AiEasyControls.swift */ = {isa = PBXFileReference; fileEncoding = 4; lastKnownFileType = sourcecode.swift; path = AiEasyControls.swift; sourceTree = "<group>"; };
		5450BA4921349CDC00475068 /* AiEasyGame.swift */ = {isa = PBXFileReference; fileEncoding = 4; lastKnownFileType = sourcecode.swift; path = AiEasyGame.swift; sourceTree = "<group>"; };
		5450BA4A21349CDC00475068 /* AiEasyScene.swift */ = {isa = PBXFileReference; fileEncoding = 4; lastKnownFileType = sourcecode.swift; path = AiEasyScene.swift; sourceTree = "<group>"; };
		5450BA4D21349CDC00475068 /* AiHardControls.swift */ = {isa = PBXFileReference; fileEncoding = 4; lastKnownFileType = sourcecode.swift; path = AiHardControls.swift; sourceTree = "<group>"; };
		5450BA4E21349CDC00475068 /* AiHardGame.swift */ = {isa = PBXFileReference; fileEncoding = 4; lastKnownFileType = sourcecode.swift; path = AiHardGame.swift; sourceTree = "<group>"; };
		5450BA4F21349CDC00475068 /* AiHardScene.swift */ = {isa = PBXFileReference; fileEncoding = 4; lastKnownFileType = sourcecode.swift; path = AiHardScene.swift; sourceTree = "<group>"; };
		5450BA5221349CDC00475068 /* GameControls.swift */ = {isa = PBXFileReference; fileEncoding = 4; lastKnownFileType = sourcecode.swift; path = GameControls.swift; sourceTree = "<group>"; };
		5450BA5321349CDC00475068 /* GameScene.swift */ = {isa = PBXFileReference; fileEncoding = 4; lastKnownFileType = sourcecode.swift; path = GameScene.swift; sourceTree = "<group>"; };
		5450BA5421349CDC00475068 /* GameTicTacToe.swift */ = {isa = PBXFileReference; fileEncoding = 4; lastKnownFileType = sourcecode.swift; path = GameTicTacToe.swift; sourceTree = "<group>"; };
		5450BA5821349CDC00475068 /* DifficultyControls.swift */ = {isa = PBXFileReference; fileEncoding = 4; lastKnownFileType = sourcecode.swift; path = DifficultyControls.swift; sourceTree = "<group>"; };
		5450BA5921349CDC00475068 /* DifficultyScene.swift */ = {isa = PBXFileReference; fileEncoding = 4; lastKnownFileType = sourcecode.swift; path = DifficultyScene.swift; sourceTree = "<group>"; };
		5450BA5A21349CDC00475068 /* MenuControls.swift */ = {isa = PBXFileReference; fileEncoding = 4; lastKnownFileType = sourcecode.swift; path = MenuControls.swift; sourceTree = "<group>"; };
		5450BA5B21349CDC00475068 /* MenuScene.swift */ = {isa = PBXFileReference; fileEncoding = 4; lastKnownFileType = sourcecode.swift; path = MenuScene.swift; sourceTree = "<group>"; };
		5465BD4A2138586100BE0988 /* Osound.wav */ = {isa = PBXFileReference; lastKnownFileType = audio.wav; path = Osound.wav; sourceTree = "<group>"; };
		5465BD4C2138586100BE0988 /* TieXO.wav */ = {isa = PBXFileReference; lastKnownFileType = audio.wav; path = TieXO.wav; sourceTree = "<group>"; };
		5465BD4D2138586100BE0988 /* LoseXO.wav */ = {isa = PBXFileReference; lastKnownFileType = audio.wav; path = LoseXO.wav; sourceTree = "<group>"; };
		5465BD4E2138586100BE0988 /* WinXO.wav */ = {isa = PBXFileReference; lastKnownFileType = audio.wav; path = WinXO.wav; sourceTree = "<group>"; };
		5465BD4F2138586100BE0988 /* Xsound.wav */ = {isa = PBXFileReference; lastKnownFileType = audio.wav; path = Xsound.wav; sourceTree = "<group>"; };
		54E129AA213EF4210059D5C0 /* IntroControls.swift */ = {isa = PBXFileReference; fileEncoding = 4; lastKnownFileType = sourcecode.swift; path = IntroControls.swift; sourceTree = "<group>"; };
		54E129AB213EF4210059D5C0 /* IntroScene.swift */ = {isa = PBXFileReference; fileEncoding = 4; lastKnownFileType = sourcecode.swift; path = IntroScene.swift; sourceTree = "<group>"; };
		54E5697D2135F33E006E6679 /* redParticle.sks */ = {isa = PBXFileReference; lastKnownFileType = file.sks; path = redParticle.sks; sourceTree = "<group>"; };
		74D32D511A89CE434704FA54 /* Pods-XO-Revolution.debug.xcconfig */ = {isa = PBXFileReference; includeInIndex = 1; lastKnownFileType = text.xcconfig; name = "Pods-XO-Revolution.debug.xcconfig"; path = "Pods/Target Support Files/Pods-XO-Revolution/Pods-XO-Revolution.debug.xcconfig"; sourceTree = "<group>"; };
		9AB2FC5A214084CC00F519EE /* GoogleService-Info.plist */ = {isa = PBXFileReference; fileEncoding = 4; lastKnownFileType = text.plist.xml; path = "GoogleService-Info.plist"; sourceTree = "<group>"; };
		A37A15FF21486EBF00B3EC32 /* GameKit.framework */ = {isa = PBXFileReference; lastKnownFileType = wrapper.framework; name = GameKit.framework; path = System/Library/Frameworks/GameKit.framework; sourceTree = SDKROOT; };
		A37A160121486EC300B3EC32 /* StoreKit.framework */ = {isa = PBXFileReference; lastKnownFileType = wrapper.framework; name = StoreKit.framework; path = System/Library/Frameworks/StoreKit.framework; sourceTree = SDKROOT; };
		EA07CAA5216E7BF100677374 /* ColorStoreControls.swift */ = {isa = PBXFileReference; fileEncoding = 4; lastKnownFileType = sourcecode.swift; path = ColorStoreControls.swift; sourceTree = "<group>"; };
		EA07CAAB216E8F9B00677374 /* ColorStoreScene.swift */ = {isa = PBXFileReference; lastKnownFileType = sourcecode.swift; path = ColorStoreScene.swift; sourceTree = "<group>"; };
		EA248A1B216D2DF500545B2B /* purpleParticle.sks */ = {isa = PBXFileReference; lastKnownFileType = file.sks; path = purpleParticle.sks; sourceTree = "<group>"; };
		EA248A1F216D387600545B2B /* orangeParticle.sks */ = {isa = PBXFileReference; lastKnownFileType = file.sks; path = orangeParticle.sks; sourceTree = "<group>"; };
		EA60F15921766BF900CFD358 /* ghostParticle.sks */ = {isa = PBXFileReference; lastKnownFileType = file.sks; path = ghostParticle.sks; sourceTree = "<group>"; };
		EA60F15A21766BF900CFD358 /* Assets.xcassets */ = {isa = PBXFileReference; lastKnownFileType = folder.assetcatalog; path = Assets.xcassets; sourceTree = "<group>"; };
		EA60F15D21766DB600CFD358 /* batParticle.sks */ = {isa = PBXFileReference; lastKnownFileType = file.sks; path = batParticle.sks; sourceTree = "<group>"; };
		EA60F1612176871400CFD358 /* Laugh.wav */ = {isa = PBXFileReference; lastKnownFileType = audio.wav; path = Laugh.wav; sourceTree = "<group>"; };
		EA60F165217689EB00CFD358 /* HalloweenOrgan.wav */ = {isa = PBXFileReference; lastKnownFileType = audio.wav; path = HalloweenOrgan.wav; sourceTree = "<group>"; };
		EA8F5A19216BD0C300ADC0E8 /* StoreControls.swift */ = {isa = PBXFileReference; fileEncoding = 4; lastKnownFileType = sourcecode.swift; path = StoreControls.swift; sourceTree = "<group>"; };
		EA8F5A1B216BD0F000ADC0E8 /* StoreScene.swift */ = {isa = PBXFileReference; fileEncoding = 4; lastKnownFileType = sourcecode.swift; path = StoreScene.swift; sourceTree = "<group>"; };
/* End PBXFileReference section */

/* Begin PBXFrameworksBuildPhase section */
		5450BA2821349CAF00475068 /* Frameworks */ = {
			isa = PBXFrameworksBuildPhase;
			buildActionMask = 2147483647;
			files = (
				A37A160221486EC300B3EC32 /* StoreKit.framework in Frameworks */,
				A295566F70B896B0DEBCF088 /* Pods_XO_Revolution.framework in Frameworks */,
				A37A160021486EBF00B3EC32 /* GameKit.framework in Frameworks */,
			);
			runOnlyForDeploymentPostprocessing = 0;
		};
/* End PBXFrameworksBuildPhase section */

/* Begin PBXGroup section */
		5450BA2221349CAF00475068 = {
			isa = PBXGroup;
			children = (
				5450BA2D21349CAF00475068 /* XO-Revolution */,
				5450BA2C21349CAF00475068 /* Products */,
				C26F1B1947769ABFD3E51DAF /* Pods */,
				CC4AE7AF42EC57B36301F73E /* Frameworks */,
			);
			sourceTree = "<group>";
		};
		5450BA2C21349CAF00475068 /* Products */ = {
			isa = PBXGroup;
			children = (
				5450BA2B21349CAF00475068 /* XO-Revolution.app */,
			);
			name = Products;
			sourceTree = "<group>";
		};
		5450BA2D21349CAF00475068 /* XO-Revolution */ = {
			isa = PBXGroup;
			children = (
				9AB2FC5A214084CC00F519EE /* GoogleService-Info.plist */,
				5450BA2E21349CAF00475068 /* AppDelegate.swift */,
				5450BA3621349CAF00475068 /* GameViewController.swift */,
				5450BA4621349CDC00475068 /* Scenes */,
				5450BA3821349CAF00475068 /* Main.storyboard */,
				5450BA3B21349CB300475068 /* Assets.xcassets */,
				5450BA7E2134A77700475068 /* Particles */,
				5450BA6921349DA800475068 /* Sounds */,
				5450BA3D21349CB300475068 /* LaunchScreen.storyboard */,
				5450BA4021349CB300475068 /* Info.plist */,
			);
			path = "XO-Revolution";
			sourceTree = "<group>";
		};
		5450BA4621349CDC00475068 /* Scenes */ = {
			isa = PBXGroup;
			children = (
				547B8EF6213DB2F1006FC28E /* Intro */,
				5450BA5621349CDC00475068 /* Menu */,
				EA8F5A18216BB5C300ADC0E8 /* SkinStore */,
				5450BA4721349CDC00475068 /* AiEasy */,
				5450BA4C21349CDC00475068 /* AiHard */,
				5450BA5121349CDC00475068 /* Game */,
			);
			path = Scenes;
			sourceTree = "<group>";
		};
		5450BA4721349CDC00475068 /* AiEasy */ = {
			isa = PBXGroup;
			children = (
				5450BA4921349CDC00475068 /* AiEasyGame.swift */,
				5450BA4821349CDC00475068 /* AiEasyControls.swift */,
				5450BA4A21349CDC00475068 /* AiEasyScene.swift */,
			);
			path = AiEasy;
			sourceTree = "<group>";
		};
		5450BA4C21349CDC00475068 /* AiHard */ = {
			isa = PBXGroup;
			children = (
				5450BA4E21349CDC00475068 /* AiHardGame.swift */,
				5450BA4D21349CDC00475068 /* AiHardControls.swift */,
				5450BA4F21349CDC00475068 /* AiHardScene.swift */,
			);
			path = AiHard;
			sourceTree = "<group>";
		};
		5450BA5121349CDC00475068 /* Game */ = {
			isa = PBXGroup;
			children = (
				5450BA5421349CDC00475068 /* GameTicTacToe.swift */,
				5450BA5221349CDC00475068 /* GameControls.swift */,
				5450BA5321349CDC00475068 /* GameScene.swift */,
			);
			path = Game;
			sourceTree = "<group>";
		};
		5450BA5621349CDC00475068 /* Menu */ = {
			isa = PBXGroup;
			children = (
				5450BA5A21349CDC00475068 /* MenuControls.swift */,
				5450BA5B21349CDC00475068 /* MenuScene.swift */,
				5450BA5721349CDC00475068 /* Difficulty */,
			);
			path = Menu;
			sourceTree = "<group>";
		};
		5450BA5721349CDC00475068 /* Difficulty */ = {
			isa = PBXGroup;
			children = (
				5450BA5821349CDC00475068 /* DifficultyControls.swift */,
				5450BA5921349CDC00475068 /* DifficultyScene.swift */,
			);
			path = Difficulty;
			sourceTree = "<group>";
		};
		5450BA6921349DA800475068 /* Sounds */ = {
			isa = PBXGroup;
			children = (
				5465BD4F2138586100BE0988 /* Xsound.wav */,
				5465BD4A2138586100BE0988 /* Osound.wav */,
				EA60F165217689EB00CFD358 /* HalloweenOrgan.wav */,
				5465BD4E2138586100BE0988 /* WinXO.wav */,
				EA60F1612176871400CFD358 /* Laugh.wav */,
				5465BD4D2138586100BE0988 /* LoseXO.wav */,
				5465BD4C2138586100BE0988 /* TieXO.wav */,
			);
			path = Sounds;
			sourceTree = "<group>";
		};
		5450BA7E2134A77700475068 /* Particles */ = {
			isa = PBXGroup;
			children = (
				5412CC8E2135DAE900B3365B /* blueParticle.sks */,
				EA248A1B216D2DF500545B2B /* purpleParticle.sks */,
				EA248A1F216D387600545B2B /* orangeParticle.sks */,
				54E5697D2135F33E006E6679 /* redParticle.sks */,
				EA60F15921766BF900CFD358 /* ghostParticle.sks */,
				EA60F15D21766DB600CFD358 /* batParticle.sks */,
				EA60F15A21766BF900CFD358 /* Assets.xcassets */,
			);
			path = Particles;
			sourceTree = "<group>";
		};
		547B8EF6213DB2F1006FC28E /* Intro */ = {
			isa = PBXGroup;
			children = (
				54E129AA213EF4210059D5C0 /* IntroControls.swift */,
				54E129AB213EF4210059D5C0 /* IntroScene.swift */,
			);
			path = Intro;
			sourceTree = "<group>";
		};
		C26F1B1947769ABFD3E51DAF /* Pods */ = {
			isa = PBXGroup;
			children = (
				74D32D511A89CE434704FA54 /* Pods-XO-Revolution.debug.xcconfig */,
				22A2325617BE46A9F42085BC /* Pods-XO-Revolution.release.xcconfig */,
			);
			name = Pods;
			sourceTree = "<group>";
		};
		CC4AE7AF42EC57B36301F73E /* Frameworks */ = {
			isa = PBXGroup;
			children = (
				A37A160121486EC300B3EC32 /* StoreKit.framework */,
				A37A15FF21486EBF00B3EC32 /* GameKit.framework */,
				45885DF7AF3FDDF681032BBC /* Pods_XO_Revolution.framework */,
			);
			name = Frameworks;
			sourceTree = "<group>";
		};
		EA07CAA4216E63C200677374 /* ColorStore */ = {
			isa = PBXGroup;
			children = (
				EA07CAA5216E7BF100677374 /* ColorStoreControls.swift */,
				EA07CAAB216E8F9B00677374 /* ColorStoreScene.swift */,
			);
			path = ColorStore;
			sourceTree = "<group>";
		};
		EA8F5A18216BB5C300ADC0E8 /* SkinStore */ = {
			isa = PBXGroup;
			children = (
				EA8F5A19216BD0C300ADC0E8 /* StoreControls.swift */,
				EA8F5A1B216BD0F000ADC0E8 /* StoreScene.swift */,
				EA07CAA4216E63C200677374 /* ColorStore */,
			);
			path = SkinStore;
			sourceTree = "<group>";
		};
/* End PBXGroup section */

/* Begin PBXNativeTarget section */
		5450BA2A21349CAF00475068 /* XO-Revolution */ = {
			isa = PBXNativeTarget;
			buildConfigurationList = 5450BA4321349CB300475068 /* Build configuration list for PBXNativeTarget "XO-Revolution" */;
			buildPhases = (
				63232B6C815664D411C5FCD6 /* [CP] Check Pods Manifest.lock */,
				5450BA2721349CAF00475068 /* Sources */,
				5450BA2821349CAF00475068 /* Frameworks */,
				5450BA2921349CAF00475068 /* Resources */,
				7B9D50E0BEF0659C3A189C80 /* [CP] Embed Pods Frameworks */,
				12683A610C6BEC6E06FE374D /* [CP] Copy Pods Resources */,
			);
			buildRules = (
			);
			dependencies = (
			);
			name = "XO-Revolution";
			productName = "XO-Revolution";
			productReference = 5450BA2B21349CAF00475068 /* XO-Revolution.app */;
			productType = "com.apple.product-type.application";
		};
/* End PBXNativeTarget section */

/* Begin PBXProject section */
		5450BA2321349CAF00475068 /* Project object */ = {
			isa = PBXProject;
			attributes = {
				LastSwiftUpdateCheck = 0940;
				LastUpgradeCheck = 0940;
				ORGANIZATIONNAME = "María del Pilar López";
				TargetAttributes = {
					5450BA2A21349CAF00475068 = {
						CreatedOnToolsVersion = 9.4.1;
						SystemCapabilities = {
							com.apple.GameCenter.iOS = {
								enabled = 1;
							};
							com.apple.InAppPurchase = {
								enabled = 1;
							};
						};
					};
				};
			};
			buildConfigurationList = 5450BA2621349CAF00475068 /* Build configuration list for PBXProject "XO-Revolution" */;
			compatibilityVersion = "Xcode 9.3";
			developmentRegion = en;
			hasScannedForEncodings = 0;
			knownRegions = (
				en,
				Base,
			);
			mainGroup = 5450BA2221349CAF00475068;
			productRefGroup = 5450BA2C21349CAF00475068 /* Products */;
			projectDirPath = "";
			projectRoot = "";
			targets = (
				5450BA2A21349CAF00475068 /* XO-Revolution */,
			);
		};
/* End PBXProject section */

/* Begin PBXResourcesBuildPhase section */
		5450BA2921349CAF00475068 /* Resources */ = {
			isa = PBXResourcesBuildPhase;
			buildActionMask = 2147483647;
			files = (
				EA60F1622176871400CFD358 /* Laugh.wav in Resources */,
				5450BA3A21349CAF00475068 /* Main.storyboard in Resources */,
				5450BA3C21349CB300475068 /* Assets.xcassets in Resources */,
				5450BA3F21349CB300475068 /* LaunchScreen.storyboard in Resources */,
				5465BD552138586100BE0988 /* Xsound.wav in Resources */,
				EA60F15C21766BF900CFD358 /* Assets.xcassets in Resources */,
				5412CC8F2135DAE900B3365B /* blueParticle.sks in Resources */,
				54E5697E2135F33F006E6679 /* redParticle.sks in Resources */,
				5465BD522138586100BE0988 /* TieXO.wav in Resources */,
				EA248A21216D387600545B2B /* orangeParticle.sks in Resources */,
				EA60F15E21766DB600CFD358 /* batParticle.sks in Resources */,
				5465BD532138586100BE0988 /* LoseXO.wav in Resources */,
				9AB2FC5B214084CC00F519EE /* GoogleService-Info.plist in Resources */,
				EA248A1D216D2DF500545B2B /* purpleParticle.sks in Resources */,
				EA60F166217689EC00CFD358 /* HalloweenOrgan.wav in Resources */,
				EA60F15B21766BF900CFD358 /* ghostParticle.sks in Resources */,
				5465BD542138586100BE0988 /* WinXO.wav in Resources */,
				5465BD502138586100BE0988 /* Osound.wav in Resources */,
			);
			runOnlyForDeploymentPostprocessing = 0;
		};
/* End PBXResourcesBuildPhase section */

/* Begin PBXShellScriptBuildPhase section */
		12683A610C6BEC6E06FE374D /* [CP] Copy Pods Resources */ = {
			isa = PBXShellScriptBuildPhase;
			buildActionMask = 2147483647;
			files = (
			);
			inputPaths = (
				"${SRCROOT}/Pods/Target Support Files/Pods-XO-Revolution/Pods-XO-Revolution-resources.sh",
				"${PODS_CONFIGURATION_BUILD_DIR}/FirebaseUI/FirebaseAuthUI.bundle",
				"${PODS_CONFIGURATION_BUILD_DIR}/FirebaseUI/FirebaseGoogleAuthUI.bundle",
				"${PODS_ROOT}/GoogleSignIn/Resources/GoogleSignIn.bundle",
			);
			name = "[CP] Copy Pods Resources";
			outputPaths = (
				"${TARGET_BUILD_DIR}/${UNLOCALIZED_RESOURCES_FOLDER_PATH}/FirebaseAuthUI.bundle",
				"${TARGET_BUILD_DIR}/${UNLOCALIZED_RESOURCES_FOLDER_PATH}/FirebaseGoogleAuthUI.bundle",
				"${TARGET_BUILD_DIR}/${UNLOCALIZED_RESOURCES_FOLDER_PATH}/GoogleSignIn.bundle",
			);
			runOnlyForDeploymentPostprocessing = 0;
			shellPath = /bin/sh;
			shellScript = "\"${SRCROOT}/Pods/Target Support Files/Pods-XO-Revolution/Pods-XO-Revolution-resources.sh\"\n";
			showEnvVarsInLog = 0;
		};
		63232B6C815664D411C5FCD6 /* [CP] Check Pods Manifest.lock */ = {
			isa = PBXShellScriptBuildPhase;
			buildActionMask = 2147483647;
			files = (
			);
			inputPaths = (
				"${PODS_PODFILE_DIR_PATH}/Podfile.lock",
				"${PODS_ROOT}/Manifest.lock",
			);
			name = "[CP] Check Pods Manifest.lock";
			outputPaths = (
				"$(DERIVED_FILE_DIR)/Pods-XO-Revolution-checkManifestLockResult.txt",
			);
			runOnlyForDeploymentPostprocessing = 0;
			shellPath = /bin/sh;
			shellScript = "diff \"${PODS_PODFILE_DIR_PATH}/Podfile.lock\" \"${PODS_ROOT}/Manifest.lock\" > /dev/null\nif [ $? != 0 ] ; then\n    # print error to STDERR\n    echo \"error: The sandbox is not in sync with the Podfile.lock. Run 'pod install' or update your CocoaPods installation.\" >&2\n    exit 1\nfi\n# This output is used by Xcode 'outputs' to avoid re-running this script phase.\necho \"SUCCESS\" > \"${SCRIPT_OUTPUT_FILE_0}\"\n";
			showEnvVarsInLog = 0;
		};
		7B9D50E0BEF0659C3A189C80 /* [CP] Embed Pods Frameworks */ = {
			isa = PBXShellScriptBuildPhase;
			buildActionMask = 2147483647;
			files = (
			);
			inputPaths = (
				"${SRCROOT}/Pods/Target Support Files/Pods-XO-Revolution/Pods-XO-Revolution-frameworks.sh",
				"${BUILT_PRODUCTS_DIR}/BoringSSL/openssl.framework",
				"${BUILT_PRODUCTS_DIR}/Device.swift/Device_swift.framework",
				"${BUILT_PRODUCTS_DIR}/GTMOAuth2/GTMOAuth2.framework",
				"${BUILT_PRODUCTS_DIR}/GTMSessionFetcher/GTMSessionFetcher.framework",
				"${BUILT_PRODUCTS_DIR}/GoogleToolboxForMac/GoogleToolboxForMac.framework",
				"${BUILT_PRODUCTS_DIR}/GoogleUtilities/GoogleUtilities.framework",
				"${BUILT_PRODUCTS_DIR}/Protobuf/Protobuf.framework",
				"${BUILT_PRODUCTS_DIR}/SwiftyStoreKit/SwiftyStoreKit.framework",
				"${BUILT_PRODUCTS_DIR}/gRPC/GRPCClient.framework",
				"${BUILT_PRODUCTS_DIR}/gRPC-Core/grpc.framework",
				"${BUILT_PRODUCTS_DIR}/gRPC-ProtoRPC/ProtoRPC.framework",
				"${BUILT_PRODUCTS_DIR}/gRPC-RxLibrary/RxLibrary.framework",
				"${BUILT_PRODUCTS_DIR}/leveldb-library/leveldb.framework",
				"${BUILT_PRODUCTS_DIR}/nanopb/nanopb.framework",
			);
			name = "[CP] Embed Pods Frameworks";
			outputPaths = (
				"${TARGET_BUILD_DIR}/${FRAMEWORKS_FOLDER_PATH}/openssl.framework",
				"${TARGET_BUILD_DIR}/${FRAMEWORKS_FOLDER_PATH}/Device_swift.framework",
				"${TARGET_BUILD_DIR}/${FRAMEWORKS_FOLDER_PATH}/GTMOAuth2.framework",
				"${TARGET_BUILD_DIR}/${FRAMEWORKS_FOLDER_PATH}/GTMSessionFetcher.framework",
				"${TARGET_BUILD_DIR}/${FRAMEWORKS_FOLDER_PATH}/GoogleToolboxForMac.framework",
				"${TARGET_BUILD_DIR}/${FRAMEWORKS_FOLDER_PATH}/GoogleUtilities.framework",
				"${TARGET_BUILD_DIR}/${FRAMEWORKS_FOLDER_PATH}/Protobuf.framework",
				"${TARGET_BUILD_DIR}/${FRAMEWORKS_FOLDER_PATH}/SwiftyStoreKit.framework",
				"${TARGET_BUILD_DIR}/${FRAMEWORKS_FOLDER_PATH}/GRPCClient.framework",
				"${TARGET_BUILD_DIR}/${FRAMEWORKS_FOLDER_PATH}/grpc.framework",
				"${TARGET_BUILD_DIR}/${FRAMEWORKS_FOLDER_PATH}/ProtoRPC.framework",
				"${TARGET_BUILD_DIR}/${FRAMEWORKS_FOLDER_PATH}/RxLibrary.framework",
				"${TARGET_BUILD_DIR}/${FRAMEWORKS_FOLDER_PATH}/leveldb.framework",
				"${TARGET_BUILD_DIR}/${FRAMEWORKS_FOLDER_PATH}/nanopb.framework",
			);
			runOnlyForDeploymentPostprocessing = 0;
			shellPath = /bin/sh;
			shellScript = "\"${SRCROOT}/Pods/Target Support Files/Pods-XO-Revolution/Pods-XO-Revolution-frameworks.sh\"\n";
			showEnvVarsInLog = 0;
		};
/* End PBXShellScriptBuildPhase section */

/* Begin PBXSourcesBuildPhase section */
		5450BA2721349CAF00475068 /* Sources */ = {
			isa = PBXSourcesBuildPhase;
			buildActionMask = 2147483647;
			files = (
				5450BA6421349CDC00475068 /* GameTicTacToe.swift in Sources */,
				5450BA6221349CDC00475068 /* GameControls.swift in Sources */,
				5450BA6621349CDC00475068 /* DifficultyScene.swift in Sources */,
				EA07CAA6216E7BF100677374 /* ColorStoreControls.swift in Sources */,
				5450BA3721349CAF00475068 /* GameViewController.swift in Sources */,
				5450BA5F21349CDC00475068 /* AiHardControls.swift in Sources */,
				5450BA5E21349CDC00475068 /* AiEasyScene.swift in Sources */,
				5450BA6321349CDC00475068 /* GameScene.swift in Sources */,
				5450BA2F21349CAF00475068 /* AppDelegate.swift in Sources */,
				5450BA5C21349CDC00475068 /* AiEasyControls.swift in Sources */,
				5450BA6021349CDC00475068 /* AiHardGame.swift in Sources */,
				EA07CAAC216E8F9B00677374 /* ColorStoreScene.swift in Sources */,
				5450BA5D21349CDC00475068 /* AiEasyGame.swift in Sources */,
				5450BA6721349CDC00475068 /* MenuControls.swift in Sources */,
				5450BA6821349CDC00475068 /* MenuScene.swift in Sources */,
				EA8F5A1C216BD0F000ADC0E8 /* StoreScene.swift in Sources */,
				5450BA6521349CDC00475068 /* DifficultyControls.swift in Sources */,
				54E129AC213EF4210059D5C0 /* IntroControls.swift in Sources */,
				54E129AD213EF4210059D5C0 /* IntroScene.swift in Sources */,
				5450BA6121349CDC00475068 /* AiHardScene.swift in Sources */,
				EA8F5A1A216BD0C300ADC0E8 /* StoreControls.swift in Sources */,
			);
			runOnlyForDeploymentPostprocessing = 0;
		};
/* End PBXSourcesBuildPhase section */

/* Begin PBXVariantGroup section */
		5450BA3821349CAF00475068 /* Main.storyboard */ = {
			isa = PBXVariantGroup;
			children = (
				5450BA3921349CAF00475068 /* Base */,
			);
			name = Main.storyboard;
			sourceTree = "<group>";
		};
		5450BA3D21349CB300475068 /* LaunchScreen.storyboard */ = {
			isa = PBXVariantGroup;
			children = (
				5450BA3E21349CB300475068 /* Base */,
			);
			name = LaunchScreen.storyboard;
			sourceTree = "<group>";
		};
/* End PBXVariantGroup section */

/* Begin XCBuildConfiguration section */
		5450BA4121349CB300475068 /* Debug */ = {
			isa = XCBuildConfiguration;
			buildSettings = {
				ALWAYS_SEARCH_USER_PATHS = NO;
				CLANG_ANALYZER_NONNULL = YES;
				CLANG_ANALYZER_NUMBER_OBJECT_CONVERSION = YES_AGGRESSIVE;
				CLANG_CXX_LANGUAGE_STANDARD = "gnu++14";
				CLANG_CXX_LIBRARY = "libc++";
				CLANG_ENABLE_MODULES = YES;
				CLANG_ENABLE_OBJC_ARC = YES;
				CLANG_ENABLE_OBJC_WEAK = YES;
				CLANG_WARN_BLOCK_CAPTURE_AUTORELEASING = YES;
				CLANG_WARN_BOOL_CONVERSION = YES;
				CLANG_WARN_COMMA = YES;
				CLANG_WARN_CONSTANT_CONVERSION = YES;
				CLANG_WARN_DEPRECATED_OBJC_IMPLEMENTATIONS = YES;
				CLANG_WARN_DIRECT_OBJC_ISA_USAGE = YES_ERROR;
				CLANG_WARN_DOCUMENTATION_COMMENTS = YES;
				CLANG_WARN_EMPTY_BODY = YES;
				CLANG_WARN_ENUM_CONVERSION = YES;
				CLANG_WARN_INFINITE_RECURSION = YES;
				CLANG_WARN_INT_CONVERSION = YES;
				CLANG_WARN_NON_LITERAL_NULL_CONVERSION = YES;
				CLANG_WARN_OBJC_IMPLICIT_RETAIN_SELF = YES;
				CLANG_WARN_OBJC_LITERAL_CONVERSION = YES;
				CLANG_WARN_OBJC_ROOT_CLASS = YES_ERROR;
				CLANG_WARN_RANGE_LOOP_ANALYSIS = YES;
				CLANG_WARN_STRICT_PROTOTYPES = YES;
				CLANG_WARN_SUSPICIOUS_MOVE = YES;
				CLANG_WARN_UNGUARDED_AVAILABILITY = YES_AGGRESSIVE;
				CLANG_WARN_UNREACHABLE_CODE = YES;
				CLANG_WARN__DUPLICATE_METHOD_MATCH = YES;
				CODE_SIGN_IDENTITY = "iPhone Developer";
				COPY_PHASE_STRIP = NO;
				DEBUG_INFORMATION_FORMAT = dwarf;
				ENABLE_STRICT_OBJC_MSGSEND = YES;
				ENABLE_TESTABILITY = YES;
				GCC_C_LANGUAGE_STANDARD = gnu11;
				GCC_DYNAMIC_NO_PIC = NO;
				GCC_NO_COMMON_BLOCKS = YES;
				GCC_OPTIMIZATION_LEVEL = 0;
				GCC_PREPROCESSOR_DEFINITIONS = (
					"DEBUG=1",
					"$(inherited)",
				);
				GCC_WARN_64_TO_32_BIT_CONVERSION = YES;
				GCC_WARN_ABOUT_RETURN_TYPE = YES_ERROR;
				GCC_WARN_UNDECLARED_SELECTOR = YES;
				GCC_WARN_UNINITIALIZED_AUTOS = YES_AGGRESSIVE;
				GCC_WARN_UNUSED_FUNCTION = YES;
				GCC_WARN_UNUSED_VARIABLE = YES;
				IPHONEOS_DEPLOYMENT_TARGET = 11.4;
				MTL_ENABLE_DEBUG_INFO = YES;
				ONLY_ACTIVE_ARCH = YES;
				SDKROOT = iphoneos;
				SWIFT_ACTIVE_COMPILATION_CONDITIONS = DEBUG;
				SWIFT_OPTIMIZATION_LEVEL = "-Onone";
			};
			name = Debug;
		};
		5450BA4221349CB300475068 /* Release */ = {
			isa = XCBuildConfiguration;
			buildSettings = {
				ALWAYS_SEARCH_USER_PATHS = NO;
				CLANG_ANALYZER_NONNULL = YES;
				CLANG_ANALYZER_NUMBER_OBJECT_CONVERSION = YES_AGGRESSIVE;
				CLANG_CXX_LANGUAGE_STANDARD = "gnu++14";
				CLANG_CXX_LIBRARY = "libc++";
				CLANG_ENABLE_MODULES = YES;
				CLANG_ENABLE_OBJC_ARC = YES;
				CLANG_ENABLE_OBJC_WEAK = YES;
				CLANG_WARN_BLOCK_CAPTURE_AUTORELEASING = YES;
				CLANG_WARN_BOOL_CONVERSION = YES;
				CLANG_WARN_COMMA = YES;
				CLANG_WARN_CONSTANT_CONVERSION = YES;
				CLANG_WARN_DEPRECATED_OBJC_IMPLEMENTATIONS = YES;
				CLANG_WARN_DIRECT_OBJC_ISA_USAGE = YES_ERROR;
				CLANG_WARN_DOCUMENTATION_COMMENTS = YES;
				CLANG_WARN_EMPTY_BODY = YES;
				CLANG_WARN_ENUM_CONVERSION = YES;
				CLANG_WARN_INFINITE_RECURSION = YES;
				CLANG_WARN_INT_CONVERSION = YES;
				CLANG_WARN_NON_LITERAL_NULL_CONVERSION = YES;
				CLANG_WARN_OBJC_IMPLICIT_RETAIN_SELF = YES;
				CLANG_WARN_OBJC_LITERAL_CONVERSION = YES;
				CLANG_WARN_OBJC_ROOT_CLASS = YES_ERROR;
				CLANG_WARN_RANGE_LOOP_ANALYSIS = YES;
				CLANG_WARN_STRICT_PROTOTYPES = YES;
				CLANG_WARN_SUSPICIOUS_MOVE = YES;
				CLANG_WARN_UNGUARDED_AVAILABILITY = YES_AGGRESSIVE;
				CLANG_WARN_UNREACHABLE_CODE = YES;
				CLANG_WARN__DUPLICATE_METHOD_MATCH = YES;
				CODE_SIGN_IDENTITY = "iPhone Developer";
				COPY_PHASE_STRIP = NO;
				DEBUG_INFORMATION_FORMAT = "dwarf-with-dsym";
				ENABLE_NS_ASSERTIONS = NO;
				ENABLE_STRICT_OBJC_MSGSEND = YES;
				GCC_C_LANGUAGE_STANDARD = gnu11;
				GCC_NO_COMMON_BLOCKS = YES;
				GCC_WARN_64_TO_32_BIT_CONVERSION = YES;
				GCC_WARN_ABOUT_RETURN_TYPE = YES_ERROR;
				GCC_WARN_UNDECLARED_SELECTOR = YES;
				GCC_WARN_UNINITIALIZED_AUTOS = YES_AGGRESSIVE;
				GCC_WARN_UNUSED_FUNCTION = YES;
				GCC_WARN_UNUSED_VARIABLE = YES;
				IPHONEOS_DEPLOYMENT_TARGET = 11.4;
				MTL_ENABLE_DEBUG_INFO = NO;
				SDKROOT = iphoneos;
				SWIFT_COMPILATION_MODE = wholemodule;
				SWIFT_OPTIMIZATION_LEVEL = "-O";
				VALIDATE_PRODUCT = YES;
			};
			name = Release;
		};
		5450BA4421349CB300475068 /* Debug */ = {
			isa = XCBuildConfiguration;
			baseConfigurationReference = 74D32D511A89CE434704FA54 /* Pods-XO-Revolution.debug.xcconfig */;
			buildSettings = {
				ASSETCATALOG_COMPILER_APPICON_NAME = AppIcon;
				CODE_SIGN_STYLE = Automatic;
				DEVELOPMENT_TEAM = 745E977PLG;
				INFOPLIST_FILE = "XO-Revolution/Info.plist";
				IPHONEOS_DEPLOYMENT_TARGET = 11.4;
				LD_RUNPATH_SEARCH_PATHS = (
					"$(inherited)",
					"@executable_path/Frameworks",
				);
				PRODUCT_BUNDLE_IDENTIFIER = com.guadianatechnologygames.xorevolution;
				PRODUCT_NAME = "$(TARGET_NAME)";
				SWIFT_VERSION = 4.0;
				TARGETED_DEVICE_FAMILY = "1,2";
			};
			name = Debug;
		};
		5450BA4521349CB300475068 /* Release */ = {
			isa = XCBuildConfiguration;
			baseConfigurationReference = 22A2325617BE46A9F42085BC /* Pods-XO-Revolution.release.xcconfig */;
			buildSettings = {
				ASSETCATALOG_COMPILER_APPICON_NAME = AppIcon;
				CODE_SIGN_STYLE = Automatic;
				DEVELOPMENT_TEAM = 745E977PLG;
				INFOPLIST_FILE = "XO-Revolution/Info.plist";
				IPHONEOS_DEPLOYMENT_TARGET = 11.4;
				LD_RUNPATH_SEARCH_PATHS = (
					"$(inherited)",
					"@executable_path/Frameworks",
				);
				PRODUCT_BUNDLE_IDENTIFIER = com.guadianatechnologygames.xorevolution;
				PRODUCT_NAME = "$(TARGET_NAME)";
				SWIFT_VERSION = 4.0;
				TARGETED_DEVICE_FAMILY = "1,2";
			};
			name = Release;
		};
/* End XCBuildConfiguration section */

/* Begin XCConfigurationList section */
		5450BA2621349CAF00475068 /* Build configuration list for PBXProject "XO-Revolution" */ = {
			isa = XCConfigurationList;
			buildConfigurations = (
				5450BA4121349CB300475068 /* Debug */,
				5450BA4221349CB300475068 /* Release */,
			);
			defaultConfigurationIsVisible = 0;
			defaultConfigurationName = Release;
		};
		5450BA4321349CB300475068 /* Build configuration list for PBXNativeTarget "XO-Revolution" */ = {
			isa = XCConfigurationList;
			buildConfigurations = (
				5450BA4421349CB300475068 /* Debug */,
				5450BA4521349CB300475068 /* Release */,
			);
			defaultConfigurationIsVisible = 0;
			defaultConfigurationName = Release;
		};
/* End XCConfigurationList section */
	};
	rootObject = 5450BA2321349CAF00475068 /* Project object */;
}
